
Microsoft Visual Studio Solution File, Format Version 12.00
# Visual Studio Version 16
VisualStudioVersion = 25.0.1706.0
MinimumVisualStudioVersion = 10.0.40219.1
Project("{FAE04EC0-301F-11D3-BF4B-00C04F79EFBC}") = "Mini_jeux_de combat", "Mini_jeux_de combat\Mini_jeux_de combat.csproj", "{11E5AEAD-F003-4738-9FCF-5B25360430A4}"
EndProject
Global
	GlobalSection(SolutionConfigurationPlatforms) = preSolution
		Debug|Any CPU = Debug|Any CPU
		Release|Any CPU = Release|Any CPU
	EndGlobalSection
	GlobalSection(ProjectConfigurationPlatforms) = postSolution
		{11E5AEAD-F003-4738-9FCF-5B25360430A4}.Debug|Any CPU.ActiveCfg = Debug|Any CPU
		{11E5AEAD-F003-4738-9FCF-5B25360430A4}.Debug|Any CPU.Build.0 = Debug|Any CPU
		{11E5AEAD-F003-4738-9FCF-5B25360430A4}.Release|Any CPU.ActiveCfg = Release|Any CPU
		{11E5AEAD-F003-4738-9FCF-5B25360430A4}.Release|Any CPU.Build.0 = Release|Any CPU
	EndGlobalSection
	GlobalSection(SolutionProperties) = preSolution
		HideSolutionNode = FALSE
	EndGlobalSection
	GlobalSection(ExtensibilityGlobals) = postSolution
		SolutionGuid = {FF5993B1-8737-48BA-AA26-1023A78C74B3}
	EndGlobalSection
EndGlobal
