
Microsoft Visual Studio Solution File, Format Version 12.00
# Visual Studio Version 17
VisualStudioVersion = 17.11.35017.193
MinimumVisualStudioVersion = 10.0.40219.1
Project("{FAE04EC0-301F-11D3-BF4B-00C04F79EFBC}") = "Gestion_Compte_Client", "Gestion_Compte_Client\Gestion_Compte_Client.csproj", "{83C6C384-94B8-489F-9DF8-36618AAB5F03}"
EndProject
Global
	GlobalSection(SolutionConfigurationPlatforms) = preSolution
		Debug|Any CPU = Debug|Any CPU
		Release|Any CPU = Release|Any CPU
	EndGlobalSection
	GlobalSection(ProjectConfigurationPlatforms) = postSolution
		{83C6C384-94B8-489F-9DF8-36618AAB5F03}.Debug|Any CPU.ActiveCfg = Debug|Any CPU
		{83C6C384-94B8-489F-9DF8-36618AAB5F03}.Debug|Any CPU.Build.0 = Debug|Any CPU
		{83C6C384-94B8-489F-9DF8-36618AAB5F03}.Release|Any CPU.ActiveCfg = Release|Any CPU
		{83C6C384-94B8-489F-9DF8-36618AAB5F03}.Release|Any CPU.Build.0 = Release|Any CPU
	EndGlobalSection
	GlobalSection(SolutionProperties) = preSolution
		HideSolutionNode = FALSE
	EndGlobalSection
	GlobalSection(ExtensibilityGlobals) = postSolution
		SolutionGuid = {9B96DBFB-7208-4A5D-A661-A6161BFC0C9E}
	EndGlobalSection
EndGlobal
